
Microsoft Visual Studio Solution File, Format Version 12.00
# Visual Studio 15
VisualStudioVersion = 15.0.28307.1500
MinimumVisualStudioVersion = 10.0.40219.1
Project("{FAE04EC0-301F-11D3-BF4B-00C04F79EFBC}") = "ConstFieldRemover", "ConstFieldRemover\ConstFieldRemover.csproj", "{ABD3E850-E4EA-4AD4-BA41-682DE948FBEF}"
EndProject
Global
	GlobalSection(SolutionConfigurationPlatforms) = preSolution
		Debug|Any CPU = Debug|Any CPU
		Release|Any CPU = Release|Any CPU
	EndGlobalSection
	GlobalSection(ProjectConfigurationPlatforms) = postSolution
		{ABD3E850-E4EA-4AD4-BA41-682DE948FBEF}.Debug|Any CPU.ActiveCfg = Debug|Any CPU
		{ABD3E850-E4EA-4AD4-BA41-682DE948FBEF}.Debug|Any CPU.Build.0 = Debug|Any CPU
		{ABD3E850-E4EA-4AD4-BA41-682DE948FBEF}.Release|Any CPU.ActiveCfg = Release|Any CPU
		{ABD3E850-E4EA-4AD4-BA41-682DE948FBEF}.Release|Any CPU.Build.0 = Release|Any CPU
	EndGlobalSection
	GlobalSection(SolutionProperties) = preSolution
		HideSolutionNode = FALSE
	EndGlobalSection
	GlobalSection(ExtensibilityGlobals) = postSolution
		SolutionGuid = {4521D4B3-5001-4737-8844-BD53B0A7BFF8}
	EndGlobalSection
EndGlobal
